// !$*UTF8*$!
{
	archiveVersion = 1;
	classes = {
	};
	objectVersion = 46;
	objects = {

/* Begin PBXBuildFile section */
		406EC6D2193FA133003A6BE6 /* asteroid.png in Resources */ = {isa = PBXBuildFile; fileRef = 406EC6BB193FA133003A6BE6 /* asteroid.png */; };
		406EC6D3193FA133003A6BE6 /* exp3_0.png in Resources */ = {isa = PBXBuildFile; fileRef = 406EC6BD193FA133003A6BE6 /* exp3_0.png */; };
		406EC6D4193FA133003A6BE6 /* exp3_1.png in Resources */ = {isa = PBXBuildFile; fileRef = 406EC6BE193FA133003A6BE6 /* exp3_1.png */; };
		406EC6D5193FA133003A6BE6 /* exp3_10.png in Resources */ = {isa = PBXBuildFile; fileRef = 406EC6BF193FA133003A6BE6 /* exp3_10.png */; };
		406EC6D6193FA133003A6BE6 /* exp3_11.png in Resources */ = {isa = PBXBuildFile; fileRef = 406EC6C0193FA133003A6BE6 /* exp3_11.png */; };
		406EC6D7193FA133003A6BE6 /* exp3_12.png in Resources */ = {isa = PBXBuildFile; fileRef = 406EC6C1193FA133003A6BE6 /* exp3_12.png */; };
		406EC6D8193FA133003A6BE6 /* exp3_13.png in Resources */ = {isa = PBXBuildFile; fileRef = 406EC6C2193FA133003A6BE6 /* exp3_13.png */; };
		406EC6D9193FA133003A6BE6 /* exp3_14.png in Resources */ = {isa = PBXBuildFile; fileRef = 406EC6C3193FA133003A6BE6 /* exp3_14.png */; };
		406EC6DA193FA133003A6BE6 /* exp3_15.png in Resources */ = {isa = PBXBuildFile; fileRef = 406EC6C4193FA133003A6BE6 /* exp3_15.png */; };
		406EC6DB193FA133003A6BE6 /* exp3_2.png in Resources */ = {isa = PBXBuildFile; fileRef = 406EC6C5193FA133003A6BE6 /* exp3_2.png */; };
		406EC6DC193FA133003A6BE6 /* exp3_3.png in Resources */ = {isa = PBXBuildFile; fileRef = 406EC6C6193FA133003A6BE6 /* exp3_3.png */; };
		406EC6DD193FA133003A6BE6 /* exp3_4.png in Resources */ = {isa = PBXBuildFile; fileRef = 406EC6C7193FA133003A6BE6 /* exp3_4.png */; };
		406EC6DE193FA133003A6BE6 /* exp3_5.png in Resources */ = {isa = PBXBuildFile; fileRef = 406EC6C8193FA133003A6BE6 /* exp3_5.png */; };
		406EC6DF193FA133003A6BE6 /* exp3_6.png in Resources */ = {isa = PBXBuildFile; fileRef = 406EC6C9193FA133003A6BE6 /* exp3_6.png */; };
		406EC6E0193FA133003A6BE6 /* exp3_7.png in Resources */ = {isa = PBXBuildFile; fileRef = 406EC6CA193FA133003A6BE6 /* exp3_7.png */; };
		406EC6E1193FA133003A6BE6 /* exp3_8.png in Resources */ = {isa = PBXBuildFile; fileRef = 406EC6CB193FA133003A6BE6 /* exp3_8.png */; };
		406EC6E2193FA133003A6BE6 /* exp3_9.png in Resources */ = {isa = PBXBuildFile; fileRef = 406EC6CC193FA133003A6BE6 /* exp3_9.png */; };
		406EC6E3193FA133003A6BE6 /* alien1.png in Resources */ = {isa = PBXBuildFile; fileRef = 406EC6CD193FA133003A6BE6 /* alien1.png */; };
		406EC6E4193FA133003A6BE6 /* alien0.png in Resources */ = {isa = PBXBuildFile; fileRef = 406EC6CE193FA133003A6BE6 /* alien0.png */; };
		406EC6E5193FA133003A6BE6 /* fireball.png in Resources */ = {isa = PBXBuildFile; fileRef = 406EC6CF193FA133003A6BE6 /* fireball.png */; };
		406EC6E6193FA133003A6BE6 /* mine.png in Resources */ = {isa = PBXBuildFile; fileRef = 406EC6D0193FA133003A6BE6 /* mine.png */; };
		406EC6E7193FA133003A6BE6 /* rocket animated.png in Resources */ = {isa = PBXBuildFile; fileRef = 406EC6D1193FA133003A6BE6 /* rocket animated.png */; };
		CA40268F193FA3B10018A0BF /* Inicio.m in Sources */ = {isa = PBXBuildFile; fileRef = CA40268D193FA3B10018A0BF /* Inicio.m */; };
		CA402690193FA3B10018A0BF /* ViewController.m in Sources */ = {isa = PBXBuildFile; fileRef = CA40268E193FA3B10018A0BF /* ViewController.m */; };
		CA402694193FAD500018A0BF /* som_inicio_menor.mp3 in Resources */ = {isa = PBXBuildFile; fileRef = CA402693193FAD500018A0BF /* som_inicio_menor.mp3 */; };
		CA6DA6E31940D4B700424737 /* espaco_back.png in Resources */ = {isa = PBXBuildFile; fileRef = CA6DA6E11940D4B700424737 /* espaco_back.png */; };
		CA6DA6E41940D4B700424737 /* Space.png in Resources */ = {isa = PBXBuildFile; fileRef = CA6DA6E21940D4B700424737 /* Space.png */; };
		CA6DA6E61940DB8D00424737 /* tiro.wav in Resources */ = {isa = PBXBuildFile; fileRef = CA6DA6E51940DB8D00424737 /* tiro.wav */; };
		CA6DA6E81940E4EB00424737 /* somFase1.mp3 in Resources */ = {isa = PBXBuildFile; fileRef = CA6DA6E71940E4EB00424737 /* somFase1.mp3 */; };
		CA6DA6EC1940E58700424737 /* play.png in Resources */ = {isa = PBXBuildFile; fileRef = CA6DA6EB1940E58700424737 /* play.png */; };
		CA6DA6F219410B9000424737 /* 8bitoperator.ttf in Resources */ = {isa = PBXBuildFile; fileRef = CA6DA6F11941011400424737 /* 8bitoperator.ttf */; };
		CA822E291941DC9600019043 /* RetangleView.m in Sources */ = {isa = PBXBuildFile; fileRef = CA822E281941DC9600019043 /* RetangleView.m */; };
		CA822E2B1941ECCA00019043 /* barraPreta.jpg in Resources */ = {isa = PBXBuildFile; fileRef = CA822E2A1941ECCA00019043 /* barraPreta.jpg */; };
		CA822E2E1941ED0500019043 /* Setup.m in Sources */ = {isa = PBXBuildFile; fileRef = CA822E2D1941ED0500019043 /* Setup.m */; };
		CA88915119366836002E9EDE /* Foundation.framework in Frameworks */ = {isa = PBXBuildFile; fileRef = CA88915019366836002E9EDE /* Foundation.framework */; };
		CA88915319366836002E9EDE /* CoreGraphics.framework in Frameworks */ = {isa = PBXBuildFile; fileRef = CA88915219366836002E9EDE /* CoreGraphics.framework */; };
		CA88915519366836002E9EDE /* UIKit.framework in Frameworks */ = {isa = PBXBuildFile; fileRef = CA88915419366836002E9EDE /* UIKit.framework */; };
		CA88915719366836002E9EDE /* SpriteKit.framework in Frameworks */ = {isa = PBXBuildFile; fileRef = CA88915619366836002E9EDE /* SpriteKit.framework */; };
		CA88915D19366836002E9EDE /* InfoPlist.strings in Resources */ = {isa = PBXBuildFile; fileRef = CA88915B19366836002E9EDE /* InfoPlist.strings */; };
		CA88915F19366836002E9EDE /* main.m in Sources */ = {isa = PBXBuildFile; fileRef = CA88915E19366836002E9EDE /* main.m */; };
		CA88916319366836002E9EDE /* AppDelegate.m in Sources */ = {isa = PBXBuildFile; fileRef = CA88916219366836002E9EDE /* AppDelegate.m */; };
		CA88916619366836002E9EDE /* Main_iPhone.storyboard in Resources */ = {isa = PBXBuildFile; fileRef = CA88916419366836002E9EDE /* Main_iPhone.storyboard */; };
		CA88916919366836002E9EDE /* Main_iPad.storyboard in Resources */ = {isa = PBXBuildFile; fileRef = CA88916719366836002E9EDE /* Main_iPad.storyboard */; };
		CA88916F19366836002E9EDE /* MyScene.m in Sources */ = {isa = PBXBuildFile; fileRef = CA88916E19366836002E9EDE /* MyScene.m */; };
		CA88917119366836002E9EDE /* Spaceship.png in Resources */ = {isa = PBXBuildFile; fileRef = CA88917019366836002E9EDE /* Spaceship.png */; };
		CA88917319366836002E9EDE /* Images.xcassets in Resources */ = {isa = PBXBuildFile; fileRef = CA88917219366836002E9EDE /* Images.xcassets */; };
		CA88917A19366836002E9EDE /* XCTest.framework in Frameworks */ = {isa = PBXBuildFile; fileRef = CA88917919366836002E9EDE /* XCTest.framework */; };
		CA88917B19366836002E9EDE /* Foundation.framework in Frameworks */ = {isa = PBXBuildFile; fileRef = CA88915019366836002E9EDE /* Foundation.framework */; };
		CA88917C19366836002E9EDE /* UIKit.framework in Frameworks */ = {isa = PBXBuildFile; fileRef = CA88915419366836002E9EDE /* UIKit.framework */; };
		CA88918419366836002E9EDE /* InfoPlist.strings in Resources */ = {isa = PBXBuildFile; fileRef = CA88918219366836002E9EDE /* InfoPlist.strings */; };
		CA88918619366836002E9EDE /* Space_RunTests.m in Sources */ = {isa = PBXBuildFile; fileRef = CA88918519366836002E9EDE /* Space_RunTests.m */; };
		CA91EE23193912EA0060774C /* background.png in Resources */ = {isa = PBXBuildFile; fileRef = CA91EE22193912EA0060774C /* background.png */; };
		CA92C19F19425E2E008EB4AD /* explosao.wav in Resources */ = {isa = PBXBuildFile; fileRef = CA92C19E19425E2E008EB4AD /* explosao.wav */; };
		CAA559B6193D05800097B42B /* ground0.png in Resources */ = {isa = PBXBuildFile; fileRef = CAA559AC193D05800097B42B /* ground0.png */; };
		CAA559B7193D05800097B42B /* ground1.png in Resources */ = {isa = PBXBuildFile; fileRef = CAA559AD193D05800097B42B /* ground1.png */; };
		CAA559B8193D05800097B42B /* ground2.png in Resources */ = {isa = PBXBuildFile; fileRef = CAA559AE193D05800097B42B /* ground2.png */; };
		CAA559B9193D05800097B42B /* ground3.png in Resources */ = {isa = PBXBuildFile; fileRef = CAA559AF193D05800097B42B /* ground3.png */; };
		CAA559BA193D05800097B42B /* ground4.png in Resources */ = {isa = PBXBuildFile; fileRef = CAA559B0193D05800097B42B /* ground4.png */; };
		CAA559BB193D05800097B42B /* ground5.png in Resources */ = {isa = PBXBuildFile; fileRef = CAA559B1193D05800097B42B /* ground5.png */; };
		CAA559BC193D05800097B42B /* ground6.png in Resources */ = {isa = PBXBuildFile; fileRef = CAA559B2193D05800097B42B /* ground6.png */; };
		CAA559BD193D05800097B42B /* ground7.png in Resources */ = {isa = PBXBuildFile; fileRef = CAA559B3193D05800097B42B /* ground7.png */; };
		CAA559BE193D05800097B42B /* ground8.png in Resources */ = {isa = PBXBuildFile; fileRef = CAA559B4193D05800097B42B /* ground8.png */; };
		CAA559BF193D05800097B42B /* ground9.png in Resources */ = {isa = PBXBuildFile; fileRef = CAA559B5193D05800097B42B /* ground9.png */; };
		CAC1B307193E3AFD00A00D36 /* astr1runing0.png in Resources */ = {isa = PBXBuildFile; fileRef = CAC1B2FE193E3AFD00A00D36 /* astr1runing0.png */; };
		CAC1B308193E3AFD00A00D36 /* astr1runing1.png in Resources */ = {isa = PBXBuildFile; fileRef = CAC1B2FF193E3AFD00A00D36 /* astr1runing1.png */; };
		CAC1B309193E3AFD00A00D36 /* astr1runing2.png in Resources */ = {isa = PBXBuildFile; fileRef = CAC1B300193E3AFD00A00D36 /* astr1runing2.png */; };
		CAC1B30A193E3AFD00A00D36 /* astr1runing3.png in Resources */ = {isa = PBXBuildFile; fileRef = CAC1B301193E3AFD00A00D36 /* astr1runing3.png */; };
		CAC1B30B193E3AFD00A00D36 /* astr1runing4.png in Resources */ = {isa = PBXBuildFile; fileRef = CAC1B302193E3AFD00A00D36 /* astr1runing4.png */; };
		CAC1B30C193E3AFD00A00D36 /* astr1runing5.png in Resources */ = {isa = PBXBuildFile; fileRef = CAC1B303193E3AFD00A00D36 /* astr1runing5.png */; };
		CAC1B30D193E3AFD00A00D36 /* astr1runing6.png in Resources */ = {isa = PBXBuildFile; fileRef = CAC1B304193E3AFD00A00D36 /* astr1runing6.png */; };
		CAC1B30E193E3AFD00A00D36 /* astr1runing7.png in Resources */ = {isa = PBXBuildFile; fileRef = CAC1B305193E3AFD00A00D36 /* astr1runing7.png */; };
		CAC1B30F193E3AFD00A00D36 /* astr1runing8.png in Resources */ = {isa = PBXBuildFile; fileRef = CAC1B306193E3AFD00A00D36 /* astr1runing8.png */; };
		CAC1B312193E3DD100A00D36 /* tiro_arma.png in Resources */ = {isa = PBXBuildFile; fileRef = CAC1B311193E3DD100A00D36 /* tiro_arma.png */; };
		CAC1B314193E43C000A00D36 /* nada.png in Resources */ = {isa = PBXBuildFile; fileRef = CAC1B313193E43C000A00D36 /* nada.png */; };
		CAC1B316193E494100A00D36 /* tiro1.png in Resources */ = {isa = PBXBuildFile; fileRef = CAC1B315193E494100A00D36 /* tiro1.png */; };
/* End PBXBuildFile section */

/* Begin PBXContainerItemProxy section */
		CA88917D19366836002E9EDE /* PBXContainerItemProxy */ = {
			isa = PBXContainerItemProxy;
			containerPortal = CA88914519366835002E9EDE /* Project object */;
			proxyType = 1;
			remoteGlobalIDString = CA88914C19366836002E9EDE;
			remoteInfo = "Space Run";
		};
/* End PBXContainerItemProxy section */

/* Begin PBXFileReference section */
		406EC6BB193FA133003A6BE6 /* asteroid.png */ = {isa = PBXFileReference; lastKnownFileType = image.png; path = asteroid.png; sourceTree = "<group>"; };
		406EC6BD193FA133003A6BE6 /* exp3_0.png */ = {isa = PBXFileReference; lastKnownFileType = image.png; path = exp3_0.png; sourceTree = "<group>"; };
		406EC6BE193FA133003A6BE6 /* exp3_1.png */ = {isa = PBXFileReference; lastKnownFileType = image.png; path = exp3_1.png; sourceTree = "<group>"; };
		406EC6BF193FA133003A6BE6 /* exp3_10.png */ = {isa = PBXFileReference; lastKnownFileType = image.png; path = exp3_10.png; sourceTree = "<group>"; };
		406EC6C0193FA133003A6BE6 /* exp3_11.png */ = {isa = PBXFileReference; lastKnownFileType = image.png; path = exp3_11.png; sourceTree = "<group>"; };
		406EC6C1193FA133003A6BE6 /* exp3_12.png */ = {isa = PBXFileReference; lastKnownFileType = image.png; path = exp3_12.png; sourceTree = "<group>"; };
		406EC6C2193FA133003A6BE6 /* exp3_13.png */ = {isa = PBXFileReference; lastKnownFileType = image.png; path = exp3_13.png; sourceTree = "<group>"; };
		406EC6C3193FA133003A6BE6 /* exp3_14.png */ = {isa = PBXFileReference; lastKnownFileType = image.png; path = exp3_14.png; sourceTree = "<group>"; };
		406EC6C4193FA133003A6BE6 /* exp3_15.png */ = {isa = PBXFileReference; lastKnownFileType = image.png; path = exp3_15.png; sourceTree = "<group>"; };
		406EC6C5193FA133003A6BE6 /* exp3_2.png */ = {isa = PBXFileReference; lastKnownFileType = image.png; path = exp3_2.png; sourceTree = "<group>"; };
		406EC6C6193FA133003A6BE6 /* exp3_3.png */ = {isa = PBXFileReference; lastKnownFileType = image.png; path = exp3_3.png; sourceTree = "<group>"; };
		406EC6C7193FA133003A6BE6 /* exp3_4.png */ = {isa = PBXFileReference; lastKnownFileType = image.png; path = exp3_4.png; sourceTree = "<group>"; };
		406EC6C8193FA133003A6BE6 /* exp3_5.png */ = {isa = PBXFileReference; lastKnownFileType = image.png; path = exp3_5.png; sourceTree = "<group>"; };
		406EC6C9193FA133003A6BE6 /* exp3_6.png */ = {isa = PBXFileReference; lastKnownFileType = image.png; path = exp3_6.png; sourceTree = "<group>"; };
		406EC6CA193FA133003A6BE6 /* exp3_7.png */ = {isa = PBXFileReference; lastKnownFileType = image.png; path = exp3_7.png; sourceTree = "<group>"; };
		406EC6CB193FA133003A6BE6 /* exp3_8.png */ = {isa = PBXFileReference; lastKnownFileType = image.png; path = exp3_8.png; sourceTree = "<group>"; };
		406EC6CC193FA133003A6BE6 /* exp3_9.png */ = {isa = PBXFileReference; lastKnownFileType = image.png; path = exp3_9.png; sourceTree = "<group>"; };
		406EC6CD193FA133003A6BE6 /* alien1.png */ = {isa = PBXFileReference; lastKnownFileType = image.png; path = alien1.png; sourceTree = "<group>"; };
		406EC6CE193FA133003A6BE6 /* alien0.png */ = {isa = PBXFileReference; lastKnownFileType = image.png; path = alien0.png; sourceTree = "<group>"; };
		406EC6CF193FA133003A6BE6 /* fireball.png */ = {isa = PBXFileReference; lastKnownFileType = image.png; path = fireball.png; sourceTree = "<group>"; };
		406EC6D0193FA133003A6BE6 /* mine.png */ = {isa = PBXFileReference; lastKnownFileType = image.png; path = mine.png; sourceTree = "<group>"; };
		406EC6D1193FA133003A6BE6 /* rocket animated.png */ = {isa = PBXFileReference; lastKnownFileType = image.png; path = "rocket animated.png"; sourceTree = "<group>"; };
		CA40268D193FA3B10018A0BF /* Inicio.m */ = {isa = PBXFileReference; fileEncoding = 4; lastKnownFileType = sourcecode.c.objc; path = Inicio.m; sourceTree = "<group>"; };
		CA40268E193FA3B10018A0BF /* ViewController.m */ = {isa = PBXFileReference; fileEncoding = 4; lastKnownFileType = sourcecode.c.objc; path = ViewController.m; sourceTree = "<group>"; };
		CA402691193FA3E10018A0BF /* Inicio.h */ = {isa = PBXFileReference; fileEncoding = 4; lastKnownFileType = sourcecode.c.h; path = Inicio.h; sourceTree = "<group>"; };
		CA402693193FAD500018A0BF /* som_inicio_menor.mp3 */ = {isa = PBXFileReference; lastKnownFileType = audio.mp3; path = som_inicio_menor.mp3; sourceTree = "<group>"; };
		CA6DA6E11940D4B700424737 /* espaco_back.png */ = {isa = PBXFileReference; lastKnownFileType = image.png; path = espaco_back.png; sourceTree = "<group>"; };
		CA6DA6E21940D4B700424737 /* Space.png */ = {isa = PBXFileReference; lastKnownFileType = image.png; path = Space.png; sourceTree = "<group>"; };
		CA6DA6E51940DB8D00424737 /* tiro.wav */ = {isa = PBXFileReference; lastKnownFileType = audio.wav; path = tiro.wav; sourceTree = "<group>"; };
		CA6DA6E71940E4EB00424737 /* somFase1.mp3 */ = {isa = PBXFileReference; lastKnownFileType = audio.mp3; path = somFase1.mp3; sourceTree = "<group>"; };
		CA6DA6EB1940E58700424737 /* play.png */ = {isa = PBXFileReference; lastKnownFileType = image.png; path = play.png; sourceTree = "<group>"; };
		CA6DA6F11941011400424737 /* 8bitoperator.ttf */ = {isa = PBXFileReference; lastKnownFileType = file; path = 8bitoperator.ttf; sourceTree = "<group>"; };
		CA822E271941DC9600019043 /* RetangleView.h */ = {isa = PBXFileReference; fileEncoding = 4; lastKnownFileType = sourcecode.c.h; path = RetangleView.h; sourceTree = "<group>"; };
		CA822E281941DC9600019043 /* RetangleView.m */ = {isa = PBXFileReference; fileEncoding = 4; lastKnownFileType = sourcecode.c.objc; path = RetangleView.m; sourceTree = "<group>"; };
		CA822E2A1941ECCA00019043 /* barraPreta.jpg */ = {isa = PBXFileReference; lastKnownFileType = image.jpeg; path = barraPreta.jpg; sourceTree = "<group>"; };
		CA822E2C1941ED0500019043 /* Setup.h */ = {isa = PBXFileReference; fileEncoding = 4; lastKnownFileType = sourcecode.c.h; path = Setup.h; sourceTree = "<group>"; };
		CA822E2D1941ED0500019043 /* Setup.m */ = {isa = PBXFileReference; fileEncoding = 4; lastKnownFileType = sourcecode.c.objc; path = Setup.m; sourceTree = "<group>"; };
		CA88914D19366836002E9EDE /* Space Run.app */ = {isa = PBXFileReference; explicitFileType = wrapper.application; includeInIndex = 0; path = "Space Run.app"; sourceTree = BUILT_PRODUCTS_DIR; };
		CA88915019366836002E9EDE /* Foundation.framework */ = {isa = PBXFileReference; lastKnownFileType = wrapper.framework; name = Foundation.framework; path = System/Library/Frameworks/Foundation.framework; sourceTree = SDKROOT; };
		CA88915219366836002E9EDE /* CoreGraphics.framework */ = {isa = PBXFileReference; lastKnownFileType = wrapper.framework; name = CoreGraphics.framework; path = System/Library/Frameworks/CoreGraphics.framework; sourceTree = SDKROOT; };
		CA88915419366836002E9EDE /* UIKit.framework */ = {isa = PBXFileReference; lastKnownFileType = wrapper.framework; name = UIKit.framework; path = System/Library/Frameworks/UIKit.framework; sourceTree = SDKROOT; };
		CA88915619366836002E9EDE /* SpriteKit.framework */ = {isa = PBXFileReference; lastKnownFileType = wrapper.framework; name = SpriteKit.framework; path = System/Library/Frameworks/SpriteKit.framework; sourceTree = SDKROOT; };
		CA88915A19366836002E9EDE /* Space Run-Info.plist */ = {isa = PBXFileReference; lastKnownFileType = text.plist.xml; path = "Space Run-Info.plist"; sourceTree = "<group>"; };
		CA88915C19366836002E9EDE /* en */ = {isa = PBXFileReference; lastKnownFileType = text.plist.strings; name = en; path = en.lproj/InfoPlist.strings; sourceTree = "<group>"; };
		CA88915E19366836002E9EDE /* main.m */ = {isa = PBXFileReference; lastKnownFileType = sourcecode.c.objc; path = main.m; sourceTree = "<group>"; };
		CA88916019366836002E9EDE /* Space Run-Prefix.pch */ = {isa = PBXFileReference; lastKnownFileType = sourcecode.c.h; path = "Space Run-Prefix.pch"; sourceTree = "<group>"; };
		CA88916119366836002E9EDE /* AppDelegate.h */ = {isa = PBXFileReference; lastKnownFileType = sourcecode.c.h; path = AppDelegate.h; sourceTree = "<group>"; };
		CA88916219366836002E9EDE /* AppDelegate.m */ = {isa = PBXFileReference; lastKnownFileType = sourcecode.c.objc; path = AppDelegate.m; sourceTree = "<group>"; };
		CA88916519366836002E9EDE /* Base */ = {isa = PBXFileReference; lastKnownFileType = file.storyboard; name = Base; path = Base.lproj/Main_iPhone.storyboard; sourceTree = "<group>"; };
		CA88916819366836002E9EDE /* Base */ = {isa = PBXFileReference; lastKnownFileType = file.storyboard; name = Base; path = Base.lproj/Main_iPad.storyboard; sourceTree = "<group>"; };
		CA88916A19366836002E9EDE /* ViewController.h */ = {isa = PBXFileReference; lastKnownFileType = sourcecode.c.h; path = ViewController.h; sourceTree = "<group>"; };
		CA88916D19366836002E9EDE /* MyScene.h */ = {isa = PBXFileReference; lastKnownFileType = sourcecode.c.h; path = MyScene.h; sourceTree = "<group>"; };
		CA88916E19366836002E9EDE /* MyScene.m */ = {isa = PBXFileReference; lastKnownFileType = sourcecode.c.objc; path = MyScene.m; sourceTree = "<group>"; };
		CA88917019366836002E9EDE /* Spaceship.png */ = {isa = PBXFileReference; lastKnownFileType = image.png; path = Spaceship.png; sourceTree = "<group>"; };
		CA88917219366836002E9EDE /* Images.xcassets */ = {isa = PBXFileReference; lastKnownFileType = folder.assetcatalog; path = Images.xcassets; sourceTree = "<group>"; };
		CA88917819366836002E9EDE /* Space RunTests.xctest */ = {isa = PBXFileReference; explicitFileType = wrapper.cfbundle; includeInIndex = 0; path = "Space RunTests.xctest"; sourceTree = BUILT_PRODUCTS_DIR; };
		CA88917919366836002E9EDE /* XCTest.framework */ = {isa = PBXFileReference; lastKnownFileType = wrapper.framework; name = XCTest.framework; path = Library/Frameworks/XCTest.framework; sourceTree = DEVELOPER_DIR; };
		CA88918119366836002E9EDE /* Space RunTests-Info.plist */ = {isa = PBXFileReference; lastKnownFileType = text.plist.xml; path = "Space RunTests-Info.plist"; sourceTree = "<group>"; };
		CA88918319366836002E9EDE /* en */ = {isa = PBXFileReference; lastKnownFileType = text.plist.strings; name = en; path = en.lproj/InfoPlist.strings; sourceTree = "<group>"; };
		CA88918519366836002E9EDE /* Space_RunTests.m */ = {isa = PBXFileReference; lastKnownFileType = sourcecode.c.objc; path = Space_RunTests.m; sourceTree = "<group>"; };
		CA91EE22193912EA0060774C /* background.png */ = {isa = PBXFileReference; lastKnownFileType = image.png; name = background.png; path = Images/Fundos/background.png; sourceTree = "<group>"; };
		CA92C19E19425E2E008EB4AD /* explosao.wav */ = {isa = PBXFileReference; lastKnownFileType = audio.wav; path = explosao.wav; sourceTree = "<group>"; };
		CAA559AC193D05800097B42B /* ground0.png */ = {isa = PBXFileReference; lastKnownFileType = image.png; path = ground0.png; sourceTree = "<group>"; };
		CAA559AD193D05800097B42B /* ground1.png */ = {isa = PBXFileReference; lastKnownFileType = image.png; path = ground1.png; sourceTree = "<group>"; };
		CAA559AE193D05800097B42B /* ground2.png */ = {isa = PBXFileReference; lastKnownFileType = image.png; path = ground2.png; sourceTree = "<group>"; };
		CAA559AF193D05800097B42B /* ground3.png */ = {isa = PBXFileReference; lastKnownFileType = image.png; path = ground3.png; sourceTree = "<group>"; };
		CAA559B0193D05800097B42B /* ground4.png */ = {isa = PBXFileReference; lastKnownFileType = image.png; path = ground4.png; sourceTree = "<group>"; };
		CAA559B1193D05800097B42B /* ground5.png */ = {isa = PBXFileReference; lastKnownFileType = image.png; path = ground5.png; sourceTree = "<group>"; };
		CAA559B2193D05800097B42B /* ground6.png */ = {isa = PBXFileReference; lastKnownFileType = image.png; path = ground6.png; sourceTree = "<group>"; };
		CAA559B3193D05800097B42B /* ground7.png */ = {isa = PBXFileReference; lastKnownFileType = image.png; path = ground7.png; sourceTree = "<group>"; };
		CAA559B4193D05800097B42B /* ground8.png */ = {isa = PBXFileReference; lastKnownFileType = image.png; path = ground8.png; sourceTree = "<group>"; };
		CAA559B5193D05800097B42B /* ground9.png */ = {isa = PBXFileReference; lastKnownFileType = image.png; path = ground9.png; sourceTree = "<group>"; };
		CAC1B2FE193E3AFD00A00D36 /* astr1runing0.png */ = {isa = PBXFileReference; lastKnownFileType = image.png; path = astr1runing0.png; sourceTree = "<group>"; };
		CAC1B2FF193E3AFD00A00D36 /* astr1runing1.png */ = {isa = PBXFileReference; lastKnownFileType = image.png; path = astr1runing1.png; sourceTree = "<group>"; };
		CAC1B300193E3AFD00A00D36 /* astr1runing2.png */ = {isa = PBXFileReference; lastKnownFileType = image.png; path = astr1runing2.png; sourceTree = "<group>"; };
		CAC1B301193E3AFD00A00D36 /* astr1runing3.png */ = {isa = PBXFileReference; lastKnownFileType = image.png; path = astr1runing3.png; sourceTree = "<group>"; };
		CAC1B302193E3AFD00A00D36 /* astr1runing4.png */ = {isa = PBXFileReference; lastKnownFileType = image.png; path = astr1runing4.png; sourceTree = "<group>"; };
		CAC1B303193E3AFD00A00D36 /* astr1runing5.png */ = {isa = PBXFileReference; lastKnownFileType = image.png; path = astr1runing5.png; sourceTree = "<group>"; };
		CAC1B304193E3AFD00A00D36 /* astr1runing6.png */ = {isa = PBXFileReference; lastKnownFileType = image.png; path = astr1runing6.png; sourceTree = "<group>"; };
		CAC1B305193E3AFD00A00D36 /* astr1runing7.png */ = {isa = PBXFileReference; lastKnownFileType = image.png; path = astr1runing7.png; sourceTree = "<group>"; };
		CAC1B306193E3AFD00A00D36 /* astr1runing8.png */ = {isa = PBXFileReference; lastKnownFileType = image.png; path = astr1runing8.png; sourceTree = "<group>"; };
		CAC1B311193E3DD100A00D36 /* tiro_arma.png */ = {isa = PBXFileReference; lastKnownFileType = image.png; path = tiro_arma.png; sourceTree = "<group>"; };
		CAC1B313193E43C000A00D36 /* nada.png */ = {isa = PBXFileReference; lastKnownFileType = image.png; path = nada.png; sourceTree = "<group>"; };
		CAC1B315193E494100A00D36 /* tiro1.png */ = {isa = PBXFileReference; lastKnownFileType = image.png; path = tiro1.png; sourceTree = "<group>"; };
/* End PBXFileReference section */

/* Begin PBXFrameworksBuildPhase section */
		CA88914A19366836002E9EDE /* Frameworks */ = {
			isa = PBXFrameworksBuildPhase;
			buildActionMask = 2147483647;
			files = (
				CA88915319366836002E9EDE /* CoreGraphics.framework in Frameworks */,
				CA88915519366836002E9EDE /* UIKit.framework in Frameworks */,
				CA88915719366836002E9EDE /* SpriteKit.framework in Frameworks */,
				CA88915119366836002E9EDE /* Foundation.framework in Frameworks */,
			);
			runOnlyForDeploymentPostprocessing = 0;
		};
		CA88917519366836002E9EDE /* Frameworks */ = {
			isa = PBXFrameworksBuildPhase;
			buildActionMask = 2147483647;
			files = (
				CA88917A19366836002E9EDE /* XCTest.framework in Frameworks */,
				CA88917C19366836002E9EDE /* UIKit.framework in Frameworks */,
				CA88917B19366836002E9EDE /* Foundation.framework in Frameworks */,
			);
			runOnlyForDeploymentPostprocessing = 0;
		};
/* End PBXFrameworksBuildPhase section */

/* Begin PBXGroup section */
		406EC6BA193FA133003A6BE6 /* Obstaculos */ = {
			isa = PBXGroup;
			children = (
				406EC6BB193FA133003A6BE6 /* asteroid.png */,
				406EC6BC193FA133003A6BE6 /* Explosao */,
				406EC6CD193FA133003A6BE6 /* alien1.png */,
				406EC6CE193FA133003A6BE6 /* alien0.png */,
				406EC6CF193FA133003A6BE6 /* fireball.png */,
				406EC6D0193FA133003A6BE6 /* mine.png */,
				406EC6D1193FA133003A6BE6 /* rocket animated.png */,
			);
			path = Obstaculos;
			sourceTree = "<group>";
		};
		406EC6BC193FA133003A6BE6 /* Explosao */ = {
			isa = PBXGroup;
			children = (
				406EC6BD193FA133003A6BE6 /* exp3_0.png */,
				406EC6BE193FA133003A6BE6 /* exp3_1.png */,
				406EC6BF193FA133003A6BE6 /* exp3_10.png */,
				406EC6C0193FA133003A6BE6 /* exp3_11.png */,
				406EC6C1193FA133003A6BE6 /* exp3_12.png */,
				406EC6C2193FA133003A6BE6 /* exp3_13.png */,
				406EC6C3193FA133003A6BE6 /* exp3_14.png */,
				406EC6C4193FA133003A6BE6 /* exp3_15.png */,
				406EC6C5193FA133003A6BE6 /* exp3_2.png */,
				406EC6C6193FA133003A6BE6 /* exp3_3.png */,
				406EC6C7193FA133003A6BE6 /* exp3_4.png */,
				406EC6C8193FA133003A6BE6 /* exp3_5.png */,
				406EC6C9193FA133003A6BE6 /* exp3_6.png */,
				406EC6CA193FA133003A6BE6 /* exp3_7.png */,
				406EC6CB193FA133003A6BE6 /* exp3_8.png */,
				406EC6CC193FA133003A6BE6 /* exp3_9.png */,
			);
			path = Explosao;
			sourceTree = "<group>";
		};
		C39949251937CABD0018B484 /* Images */ = {
			isa = PBXGroup;
			children = (
				CA91EE24193913940060774C /* Sprites */,
				C39949261937CAC40018B484 /* Fundos */,
			);
			name = Images;
			sourceTree = "<group>";
		};
		C39949261937CAC40018B484 /* Fundos */ = {
			isa = PBXGroup;
			children = (
				CA6DA6EB1940E58700424737 /* play.png */,
				CA822E2A1941ECCA00019043 /* barraPreta.jpg */,
				CAA559AC193D05800097B42B /* ground0.png */,
				CA6DA6E11940D4B700424737 /* espaco_back.png */,
				CA6DA6E21940D4B700424737 /* Space.png */,
				CAA559AD193D05800097B42B /* ground1.png */,
				CAA559AE193D05800097B42B /* ground2.png */,
				CAA559AF193D05800097B42B /* ground3.png */,
				CAA559B0193D05800097B42B /* ground4.png */,
				CAA559B1193D05800097B42B /* ground5.png */,
				CAA559B2193D05800097B42B /* ground6.png */,
				CAA559B3193D05800097B42B /* ground7.png */,
				CAA559B4193D05800097B42B /* ground8.png */,
				CAA559B5193D05800097B42B /* ground9.png */,
				CA91EE22193912EA0060774C /* background.png */,
			);
			name = Fundos;
			sourceTree = "<group>";
		};
		CA402692193FAD250018A0BF /* Sons */ = {
			isa = PBXGroup;
			children = (
				CA402693193FAD500018A0BF /* som_inicio_menor.mp3 */,
				CA6DA6E51940DB8D00424737 /* tiro.wav */,
				CA92C19E19425E2E008EB4AD /* explosao.wav */,
				CA6DA6E71940E4EB00424737 /* somFase1.mp3 */,
			);
			name = Sons;
			sourceTree = "<group>";
		};
		CA6DA6EF1941010300424737 /* Resources */ = {
			isa = PBXGroup;
			children = (
				CA6DA6F01941010900424737 /* Fonts */,
			);
			name = Resources;
			sourceTree = "<group>";
		};
		CA6DA6F01941010900424737 /* Fonts */ = {
			isa = PBXGroup;
			children = (
				CA6DA6F11941011400424737 /* 8bitoperator.ttf */,
			);
			name = Fonts;
			sourceTree = "<group>";
		};
		CA88914419366835002E9EDE = {
			isa = PBXGroup;
			children = (
				CA88915819366836002E9EDE /* Space Run */,
				CA88917F19366836002E9EDE /* Space RunTests */,
				CA88914F19366836002E9EDE /* Frameworks */,
				CA88914E19366836002E9EDE /* Products */,
			);
			sourceTree = "<group>";
		};
		CA88914E19366836002E9EDE /* Products */ = {
			isa = PBXGroup;
			children = (
				CA88914D19366836002E9EDE /* Space Run.app */,
				CA88917819366836002E9EDE /* Space RunTests.xctest */,
			);
			name = Products;
			sourceTree = "<group>";
		};
		CA88914F19366836002E9EDE /* Frameworks */ = {
			isa = PBXGroup;
			children = (
				CA88915019366836002E9EDE /* Foundation.framework */,
				CA88915219366836002E9EDE /* CoreGraphics.framework */,
				CA88915419366836002E9EDE /* UIKit.framework */,
				CA88915619366836002E9EDE /* SpriteKit.framework */,
				CA88917919366836002E9EDE /* XCTest.framework */,
			);
			name = Frameworks;
			sourceTree = "<group>";
		};
		CA88915819366836002E9EDE /* Space Run */ = {
			isa = PBXGroup;
			children = (
				CA6DA6EF1941010300424737 /* Resources */,
				CA402692193FAD250018A0BF /* Sons */,
				C39949251937CABD0018B484 /* Images */,
				CA88916119366836002E9EDE /* AppDelegate.h */,
				CA822E271941DC9600019043 /* RetangleView.h */,
				CA822E281941DC9600019043 /* RetangleView.m */,
				CA88916219366836002E9EDE /* AppDelegate.m */,
				CA88916A19366836002E9EDE /* ViewController.h */,
				CA40268E193FA3B10018A0BF /* ViewController.m */,
				CA88916419366836002E9EDE /* Main_iPhone.storyboard */,
				CA88916719366836002E9EDE /* Main_iPad.storyboard */,
				CA88916D19366836002E9EDE /* MyScene.h */,
				CA88916E19366836002E9EDE /* MyScene.m */,
				CA40268D193FA3B10018A0BF /* Inicio.m */,
				CA402691193FA3E10018A0BF /* Inicio.h */,
				CA88917019366836002E9EDE /* Spaceship.png */,
				CA88917219366836002E9EDE /* Images.xcassets */,
				CA88915919366836002E9EDE /* Supporting Files */,
				CA822E2C1941ED0500019043 /* Setup.h */,
				CA822E2D1941ED0500019043 /* Setup.m */,
			);
			path = "Space Run";
			sourceTree = "<group>";
		};
		CA88915919366836002E9EDE /* Supporting Files */ = {
			isa = PBXGroup;
			children = (
				CA88915A19366836002E9EDE /* Space Run-Info.plist */,
				CA88915B19366836002E9EDE /* InfoPlist.strings */,
				CA88915E19366836002E9EDE /* main.m */,
				CA88916019366836002E9EDE /* Space Run-Prefix.pch */,
			);
			name = "Supporting Files";
			sourceTree = "<group>";
		};
		CA88917F19366836002E9EDE /* Space RunTests */ = {
			isa = PBXGroup;
			children = (
				CA88918519366836002E9EDE /* Space_RunTests.m */,
				CA88918019366836002E9EDE /* Supporting Files */,
			);
			path = "Space RunTests";
			sourceTree = "<group>";
		};
		CA88918019366836002E9EDE /* Supporting Files */ = {
			isa = PBXGroup;
			children = (
				CA88918119366836002E9EDE /* Space RunTests-Info.plist */,
				CA88918219366836002E9EDE /* InfoPlist.strings */,
			);
			name = "Supporting Files";
			sourceTree = "<group>";
		};
		CA91EE24193913940060774C /* Sprites */ = {
			isa = PBXGroup;
			children = (
				406EC6BA193FA133003A6BE6 /* Obstaculos */,
				CAC1B310193E3DB800A00D36 /* Efeitos */,
				CA91EE251939139C0060774C /* Astronauta */,
			);
			name = Sprites;
			sourceTree = "<group>";
		};
		CA91EE251939139C0060774C /* Astronauta */ = {
			isa = PBXGroup;
			children = (
				CAC1B2FE193E3AFD00A00D36 /* astr1runing0.png */,
				CAC1B2FF193E3AFD00A00D36 /* astr1runing1.png */,
				CAC1B300193E3AFD00A00D36 /* astr1runing2.png */,
				CAC1B301193E3AFD00A00D36 /* astr1runing3.png */,
				CAC1B302193E3AFD00A00D36 /* astr1runing4.png */,
				CAC1B303193E3AFD00A00D36 /* astr1runing5.png */,
				CAC1B304193E3AFD00A00D36 /* astr1runing6.png */,
				CAC1B305193E3AFD00A00D36 /* astr1runing7.png */,
				CAC1B306193E3AFD00A00D36 /* astr1runing8.png */,
			);
			name = Astronauta;
			sourceTree = "<group>";
		};
		CAC1B310193E3DB800A00D36 /* Efeitos */ = {
			isa = PBXGroup;
			children = (
				CAC1B315193E494100A00D36 /* tiro1.png */,
				CAC1B313193E43C000A00D36 /* nada.png */,
				CAC1B311193E3DD100A00D36 /* tiro_arma.png */,
			);
			name = Efeitos;
			sourceTree = "<group>";
		};
/* End PBXGroup section */

/* Begin PBXNativeTarget section */
		CA88914C19366836002E9EDE /* Space Run */ = {
			isa = PBXNativeTarget;
			buildConfigurationList = CA88918919366836002E9EDE /* Build configuration list for PBXNativeTarget "Space Run" */;
			buildPhases = (
				CA88914919366836002E9EDE /* Sources */,
				CA88914A19366836002E9EDE /* Frameworks */,
				CA88914B19366836002E9EDE /* Resources */,
			);
			buildRules = (
			);
			dependencies = (
			);
			name = "Space Run";
			productName = "Space Run";
			productReference = CA88914D19366836002E9EDE /* Space Run.app */;
			productType = "com.apple.product-type.application";
		};
		CA88917719366836002E9EDE /* Space RunTests */ = {
			isa = PBXNativeTarget;
			buildConfigurationList = CA88918C19366836002E9EDE /* Build configuration list for PBXNativeTarget "Space RunTests" */;
			buildPhases = (
				CA88917419366836002E9EDE /* Sources */,
				CA88917519366836002E9EDE /* Frameworks */,
				CA88917619366836002E9EDE /* Resources */,
			);
			buildRules = (
			);
			dependencies = (
				CA88917E19366836002E9EDE /* PBXTargetDependency */,
			);
			name = "Space RunTests";
			productName = "Space RunTests";
			productReference = CA88917819366836002E9EDE /* Space RunTests.xctest */;
			productType = "com.apple.product-type.bundle.unit-test";
		};
/* End PBXNativeTarget section */

/* Begin PBXProject section */
		CA88914519366835002E9EDE /* Project object */ = {
			isa = PBXProject;
			attributes = {
				LastUpgradeCheck = 0510;
				ORGANIZATIONNAME = "Bruno Rodrigues de Andrade";
				TargetAttributes = {
					CA88917719366836002E9EDE = {
						TestTargetID = CA88914C19366836002E9EDE;
					};
				};
			};
			buildConfigurationList = CA88914819366835002E9EDE /* Build configuration list for PBXProject "Space Run" */;
			compatibilityVersion = "Xcode 3.2";
			developmentRegion = English;
			hasScannedForEncodings = 0;
			knownRegions = (
				en,
				Base,
			);
			mainGroup = CA88914419366835002E9EDE;
			productRefGroup = CA88914E19366836002E9EDE /* Products */;
			projectDirPath = "";
			projectRoot = "";
			targets = (
				CA88914C19366836002E9EDE /* Space Run */,
				CA88917719366836002E9EDE /* Space RunTests */,
			);
		};
/* End PBXProject section */

/* Begin PBXResourcesBuildPhase section */
		CA88914B19366836002E9EDE /* Resources */ = {
			isa = PBXResourcesBuildPhase;
			buildActionMask = 2147483647;
			files = (
				CA6DA6F219410B9000424737 /* 8bitoperator.ttf in Resources */,
				406EC6E5193FA133003A6BE6 /* fireball.png in Resources */,
				406EC6D7193FA133003A6BE6 /* exp3_12.png in Resources */,
				406EC6E2193FA133003A6BE6 /* exp3_9.png in Resources */,
				CAC1B30E193E3AFD00A00D36 /* astr1runing7.png in Resources */,
				406EC6DC193FA133003A6BE6 /* exp3_3.png in Resources */,
				CA402694193FAD500018A0BF /* som_inicio_menor.mp3 in Resources */,
				CAC1B30C193E3AFD00A00D36 /* astr1runing5.png in Resources */,
				CAC1B314193E43C000A00D36 /* nada.png in Resources */,
				CA6DA6E41940D4B700424737 /* Space.png in Resources */,
				CAC1B308193E3AFD00A00D36 /* astr1runing1.png in Resources */,
				CA88917119366836002E9EDE /* Spaceship.png in Resources */,
				CA91EE23193912EA0060774C /* background.png in Resources */,
				CAA559BC193D05800097B42B /* ground6.png in Resources */,
				CA88917319366836002E9EDE /* Images.xcassets in Resources */,
				CA92C19F19425E2E008EB4AD /* explosao.wav in Resources */,
				406EC6E1193FA133003A6BE6 /* exp3_8.png in Resources */,
				406EC6DF193FA133003A6BE6 /* exp3_6.png in Resources */,
				CAA559BA193D05800097B42B /* ground4.png in Resources */,
				CAC1B30B193E3AFD00A00D36 /* astr1runing4.png in Resources */,
				CAC1B30D193E3AFD00A00D36 /* astr1runing6.png in Resources */,
				CAC1B316193E494100A00D36 /* tiro1.png in Resources */,
				CAA559BD193D05800097B42B /* ground7.png in Resources */,
				406EC6D8193FA133003A6BE6 /* exp3_13.png in Resources */,
				406EC6DB193FA133003A6BE6 /* exp3_2.png in Resources */,
				406EC6D9193FA133003A6BE6 /* exp3_14.png in Resources */,
				CAA559BE193D05800097B42B /* ground8.png in Resources */,
				CAA559BF193D05800097B42B /* ground9.png in Resources */,
				406EC6E4193FA133003A6BE6 /* alien0.png in Resources */,
				CA88916919366836002E9EDE /* Main_iPad.storyboard in Resources */,
				CAA559BB193D05800097B42B /* ground5.png in Resources */,
				CAA559B7193D05800097B42B /* ground1.png in Resources */,
				CAA559B8193D05800097B42B /* ground2.png in Resources */,
				406EC6DE193FA133003A6BE6 /* exp3_5.png in Resources */,
				CAC1B307193E3AFD00A00D36 /* astr1runing0.png in Resources */,
				406EC6D5193FA133003A6BE6 /* exp3_10.png in Resources */,
				CA6DA6E61940DB8D00424737 /* tiro.wav in Resources */,
				406EC6D6193FA133003A6BE6 /* exp3_11.png in Resources */,
				CAA559B9193D05800097B42B /* ground3.png in Resources */,
				CA88916619366836002E9EDE /* Main_iPhone.storyboard in Resources */,
				406EC6DD193FA133003A6BE6 /* exp3_4.png in Resources */,
				CA6DA6E81940E4EB00424737 /* somFase1.mp3 in Resources */,
				406EC6E3193FA133003A6BE6 /* alien1.png in Resources */,
				406EC6D3193FA133003A6BE6 /* exp3_0.png in Resources */,
				406EC6D4193FA133003A6BE6 /* exp3_1.png in Resources */,
				406EC6E7193FA133003A6BE6 /* rocket animated.png in Resources */,
				406EC6E6193FA133003A6BE6 /* mine.png in Resources */,
				CAC1B30A193E3AFD00A00D36 /* astr1runing3.png in Resources */,
				CAC1B30F193E3AFD00A00D36 /* astr1runing8.png in Resources */,
				406EC6E0193FA133003A6BE6 /* exp3_7.png in Resources */,
				CAC1B312193E3DD100A00D36 /* tiro_arma.png in Resources */,
				CA6DA6EC1940E58700424737 /* play.png in Resources */,
				406EC6DA193FA133003A6BE6 /* exp3_15.png in Resources */,
				406EC6D2193FA133003A6BE6 /* asteroid.png in Resources */,
				CA6DA6E31940D4B700424737 /* espaco_back.png in Resources */,
				CAA559B6193D05800097B42B /* ground0.png in Resources */,
				CA88915D19366836002E9EDE /* InfoPlist.strings in Resources */,
				CAC1B309193E3AFD00A00D36 /* astr1runing2.png in Resources */,
				CA822E2B1941ECCA00019043 /* barraPreta.jpg in Resources */,
			);
			runOnlyForDeploymentPostprocessing = 0;
		};
		CA88917619366836002E9EDE /* Resources */ = {
			isa = PBXResourcesBuildPhase;
			buildActionMask = 2147483647;
			files = (
				CA88918419366836002E9EDE /* InfoPlist.strings in Resources */,
			);
			runOnlyForDeploymentPostprocessing = 0;
		};
/* End PBXResourcesBuildPhase section */

/* Begin PBXSourcesBuildPhase section */
		CA88914919366836002E9EDE /* Sources */ = {
			isa = PBXSourcesBuildPhase;
			buildActionMask = 2147483647;
			files = (
				CA822E2E1941ED0500019043 /* Setup.m in Sources */,
				CA88916F19366836002E9EDE /* MyScene.m in Sources */,
				CA88916319366836002E9EDE /* AppDelegate.m in Sources */,
				CA40268F193FA3B10018A0BF /* Inicio.m in Sources */,
				CA88915F19366836002E9EDE /* main.m in Sources */,
				CA822E291941DC9600019043 /* RetangleView.m in Sources */,
				CA402690193FA3B10018A0BF /* ViewController.m in Sources */,
			);
			runOnlyForDeploymentPostprocessing = 0;
		};
		CA88917419366836002E9EDE /* Sources */ = {
			isa = PBXSourcesBuildPhase;
			buildActionMask = 2147483647;
			files = (
				CA88918619366836002E9EDE /* Space_RunTests.m in Sources */,
			);
			runOnlyForDeploymentPostprocessing = 0;
		};
/* End PBXSourcesBuildPhase section */

/* Begin PBXTargetDependency section */
		CA88917E19366836002E9EDE /* PBXTargetDependency */ = {
			isa = PBXTargetDependency;
			target = CA88914C19366836002E9EDE /* Space Run */;
			targetProxy = CA88917D19366836002E9EDE /* PBXContainerItemProxy */;
		};
/* End PBXTargetDependency section */

/* Begin PBXVariantGroup section */
		CA88915B19366836002E9EDE /* InfoPlist.strings */ = {
			isa = PBXVariantGroup;
			children = (
				CA88915C19366836002E9EDE /* en */,
			);
			name = InfoPlist.strings;
			sourceTree = "<group>";
		};
		CA88916419366836002E9EDE /* Main_iPhone.storyboard */ = {
			isa = PBXVariantGroup;
			children = (
				CA88916519366836002E9EDE /* Base */,
			);
			name = Main_iPhone.storyboard;
			sourceTree = "<group>";
		};
		CA88916719366836002E9EDE /* Main_iPad.storyboard */ = {
			isa = PBXVariantGroup;
			children = (
				CA88916819366836002E9EDE /* Base */,
			);
			name = Main_iPad.storyboard;
			sourceTree = "<group>";
		};
		CA88918219366836002E9EDE /* InfoPlist.strings */ = {
			isa = PBXVariantGroup;
			children = (
				CA88918319366836002E9EDE /* en */,
			);
			name = InfoPlist.strings;
			sourceTree = "<group>";
		};
/* End PBXVariantGroup section */

/* Begin XCBuildConfiguration section */
		CA88918719366836002E9EDE /* Debug */ = {
			isa = XCBuildConfiguration;
			buildSettings = {
				ALWAYS_SEARCH_USER_PATHS = NO;
				CLANG_CXX_LANGUAGE_STANDARD = "gnu++0x";
				CLANG_CXX_LIBRARY = "libc++";
				CLANG_ENABLE_MODULES = YES;
				CLANG_ENABLE_OBJC_ARC = YES;
				CLANG_WARN_BOOL_CONVERSION = YES;
				CLANG_WARN_CONSTANT_CONVERSION = YES;
				CLANG_WARN_DIRECT_OBJC_ISA_USAGE = YES_ERROR;
				CLANG_WARN_EMPTY_BODY = YES;
				CLANG_WARN_ENUM_CONVERSION = YES;
				CLANG_WARN_INT_CONVERSION = YES;
				CLANG_WARN_OBJC_ROOT_CLASS = YES_ERROR;
				CLANG_WARN__DUPLICATE_METHOD_MATCH = YES;
				"CODE_SIGN_IDENTITY[sdk=iphoneos*]" = "iPhone Developer";
				COPY_PHASE_STRIP = NO;
				GCC_C_LANGUAGE_STANDARD = gnu99;
				GCC_DYNAMIC_NO_PIC = NO;
				GCC_OPTIMIZATION_LEVEL = 0;
				GCC_PREPROCESSOR_DEFINITIONS = (
					"DEBUG=1",
					"$(inherited)",
				);
				GCC_SYMBOLS_PRIVATE_EXTERN = NO;
				GCC_WARN_64_TO_32_BIT_CONVERSION = YES;
				GCC_WARN_ABOUT_RETURN_TYPE = YES_ERROR;
				GCC_WARN_UNDECLARED_SELECTOR = YES;
				GCC_WARN_UNINITIALIZED_AUTOS = YES_AGGRESSIVE;
				GCC_WARN_UNUSED_FUNCTION = YES;
				GCC_WARN_UNUSED_VARIABLE = YES;
				IPHONEOS_DEPLOYMENT_TARGET = 7.1;
				ONLY_ACTIVE_ARCH = YES;
				SDKROOT = iphoneos;
				TARGETED_DEVICE_FAMILY = "1,2";
			};
			name = Debug;
		};
		CA88918819366836002E9EDE /* Release */ = {
			isa = XCBuildConfiguration;
			buildSettings = {
				ALWAYS_SEARCH_USER_PATHS = NO;
				CLANG_CXX_LANGUAGE_STANDARD = "gnu++0x";
				CLANG_CXX_LIBRARY = "libc++";
				CLANG_ENABLE_MODULES = YES;
				CLANG_ENABLE_OBJC_ARC = YES;
				CLANG_WARN_BOOL_CONVERSION = YES;
				CLANG_WARN_CONSTANT_CONVERSION = YES;
				CLANG_WARN_DIRECT_OBJC_ISA_USAGE = YES_ERROR;
				CLANG_WARN_EMPTY_BODY = YES;
				CLANG_WARN_ENUM_CONVERSION = YES;
				CLANG_WARN_INT_CONVERSION = YES;
				CLANG_WARN_OBJC_ROOT_CLASS = YES_ERROR;
				CLANG_WARN__DUPLICATE_METHOD_MATCH = YES;
				"CODE_SIGN_IDENTITY[sdk=iphoneos*]" = "iPhone Developer";
				COPY_PHASE_STRIP = YES;
				ENABLE_NS_ASSERTIONS = NO;
				GCC_C_LANGUAGE_STANDARD = gnu99;
				GCC_WARN_64_TO_32_BIT_CONVERSION = YES;
				GCC_WARN_ABOUT_RETURN_TYPE = YES_ERROR;
				GCC_WARN_UNDECLARED_SELECTOR = YES;
				GCC_WARN_UNINITIALIZED_AUTOS = YES_AGGRESSIVE;
				GCC_WARN_UNUSED_FUNCTION = YES;
				GCC_WARN_UNUSED_VARIABLE = YES;
				IPHONEOS_DEPLOYMENT_TARGET = 7.1;
				SDKROOT = iphoneos;
				TARGETED_DEVICE_FAMILY = "1,2";
				VALIDATE_PRODUCT = YES;
			};
			name = Release;
		};
		CA88918A19366836002E9EDE /* Debug */ = {
			isa = XCBuildConfiguration;
			buildSettings = {
				ASSETCATALOG_COMPILER_APPICON_NAME = AppIcon;
				ASSETCATALOG_COMPILER_LAUNCHIMAGE_NAME = LaunchImage;
				GCC_PRECOMPILE_PREFIX_HEADER = YES;
				GCC_PREFIX_HEADER = "Space Run/Space Run-Prefix.pch";
				INFOPLIST_FILE = "Space Run/Space Run-Info.plist";
				IPHONEOS_DEPLOYMENT_TARGET = 7.0;
				PRODUCT_NAME = "$(TARGET_NAME)";
				SPRITEKIT_TEXTURE_ATLAS_OUTPUT = YES;
				WRAPPER_EXTENSION = app;
			};
			name = Debug;
		};
		CA88918B19366836002E9EDE /* Release */ = {
			isa = XCBuildConfiguration;
			buildSettings = {
				ASSETCATALOG_COMPILER_APPICON_NAME = AppIcon;
				ASSETCATALOG_COMPILER_LAUNCHIMAGE_NAME = LaunchImage;
				GCC_PRECOMPILE_PREFIX_HEADER = YES;
				GCC_PREFIX_HEADER = "Space Run/Space Run-Prefix.pch";
				INFOPLIST_FILE = "Space Run/Space Run-Info.plist";
				IPHONEOS_DEPLOYMENT_TARGET = 7.0;
				PRODUCT_NAME = "$(TARGET_NAME)";
				SPRITEKIT_TEXTURE_ATLAS_OUTPUT = YES;
				WRAPPER_EXTENSION = app;
			};
			name = Release;
		};
		CA88918D19366836002E9EDE /* Debug */ = {
			isa = XCBuildConfiguration;
			buildSettings = {
				BUNDLE_LOADER = "$(BUILT_PRODUCTS_DIR)/Space Run.app/Space Run";
				FRAMEWORK_SEARCH_PATHS = (
					"$(SDKROOT)/Developer/Library/Frameworks",
					"$(inherited)",
					"$(DEVELOPER_FRAMEWORKS_DIR)",
				);
				GCC_PRECOMPILE_PREFIX_HEADER = YES;
				GCC_PREFIX_HEADER = "Space Run/Space Run-Prefix.pch";
				GCC_PREPROCESSOR_DEFINITIONS = (
					"DEBUG=1",
					"$(inherited)",
				);
				INFOPLIST_FILE = "Space RunTests/Space RunTests-Info.plist";
				IPHONEOS_DEPLOYMENT_TARGET = 7.0;
				PRODUCT_NAME = "$(TARGET_NAME)";
				TEST_HOST = "$(BUNDLE_LOADER)";
				WRAPPER_EXTENSION = xctest;
			};
			name = Debug;
		};
		CA88918E19366836002E9EDE /* Release */ = {
			isa = XCBuildConfiguration;
			buildSettings = {
				BUNDLE_LOADER = "$(BUILT_PRODUCTS_DIR)/Space Run.app/Space Run";
				FRAMEWORK_SEARCH_PATHS = (
					"$(SDKROOT)/Developer/Library/Frameworks",
					"$(inherited)",
					"$(DEVELOPER_FRAMEWORKS_DIR)",
				);
				GCC_PRECOMPILE_PREFIX_HEADER = YES;
				GCC_PREFIX_HEADER = "Space Run/Space Run-Prefix.pch";
				INFOPLIST_FILE = "Space RunTests/Space RunTests-Info.plist";
				IPHONEOS_DEPLOYMENT_TARGET = 7.0;
				PRODUCT_NAME = "$(TARGET_NAME)";
				TEST_HOST = "$(BUNDLE_LOADER)";
				WRAPPER_EXTENSION = xctest;
			};
			name = Release;
		};
/* End XCBuildConfiguration section */

/* Begin XCConfigurationList section */
		CA88914819366835002E9EDE /* Build configuration list for PBXProject "Space Run" */ = {
			isa = XCConfigurationList;
			buildConfigurations = (
				CA88918719366836002E9EDE /* Debug */,
				CA88918819366836002E9EDE /* Release */,
			);
			defaultConfigurationIsVisible = 0;
			defaultConfigurationName = Release;
		};
		CA88918919366836002E9EDE /* Build configuration list for PBXNativeTarget "Space Run" */ = {
			isa = XCConfigurationList;
			buildConfigurations = (
				CA88918A19366836002E9EDE /* Debug */,
				CA88918B19366836002E9EDE /* Release */,
			);
			defaultConfigurationIsVisible = 0;
			defaultConfigurationName = Release;
		};
		CA88918C19366836002E9EDE /* Build configuration list for PBXNativeTarget "Space RunTests" */ = {
			isa = XCConfigurationList;
			buildConfigurations = (
				CA88918D19366836002E9EDE /* Debug */,
				CA88918E19366836002E9EDE /* Release */,
			);
			defaultConfigurationIsVisible = 0;
			defaultConfigurationName = Release;
		};
/* End XCConfigurationList section */
	};
	rootObject = CA88914519366835002E9EDE /* Project object */;
}
